// !$*UTF8*$!
{
	archiveVersion = 1;
	classes = {
	};
	objectVersion = 46;
	objects = {

/* Begin PBXBuildFile section */
		3F242D58196D8CC600AFB6A0 /* Foundation.framework in Frameworks */ = {isa = PBXBuildFile; fileRef = 3F242D57196D8CC600AFB6A0 /* Foundation.framework */; };
		3F242D5A196D8CC600AFB6A0 /* CoreGraphics.framework in Frameworks */ = {isa = PBXBuildFile; fileRef = 3F242D59196D8CC600AFB6A0 /* CoreGraphics.framework */; };
		3F242D5C196D8CC600AFB6A0 /* UIKit.framework in Frameworks */ = {isa = PBXBuildFile; fileRef = 3F242D5B196D8CC600AFB6A0 /* UIKit.framework */; };
		3F242D62196D8CC600AFB6A0 /* InfoPlist.strings in Resources */ = {isa = PBXBuildFile; fileRef = 3F242D60196D8CC600AFB6A0 /* InfoPlist.strings */; };
		3F242D64196D8CC600AFB6A0 /* main.m in Sources */ = {isa = PBXBuildFile; fileRef = 3F242D63196D8CC600AFB6A0 /* main.m */; };
		3F242D68196D8CC600AFB6A0 /* AppDelegate.m in Sources */ = {isa = PBXBuildFile; fileRef = 3F242D67196D8CC600AFB6A0 /* AppDelegate.m */; };
		3F242D6B196D8CC600AFB6A0 /* Main_iPhone.storyboard in Resources */ = {isa = PBXBuildFile; fileRef = 3F242D69196D8CC600AFB6A0 /* Main_iPhone.storyboard */; };
		3F242D6E196D8CC600AFB6A0 /* Main_iPad.storyboard in Resources */ = {isa = PBXBuildFile; fileRef = 3F242D6C196D8CC600AFB6A0 /* Main_iPad.storyboard */; };
		3F242D71196D8CC600AFB6A0 /* ViewController.m in Sources */ = {isa = PBXBuildFile; fileRef = 3F242D70196D8CC600AFB6A0 /* ViewController.m */; };
		3F242D73196D8CC600AFB6A0 /* Images.xcassets in Resources */ = {isa = PBXBuildFile; fileRef = 3F242D72196D8CC600AFB6A0 /* Images.xcassets */; };
		3F242D7A196D8CC600AFB6A0 /* XCTest.framework in Frameworks */ = {isa = PBXBuildFile; fileRef = 3F242D79196D8CC600AFB6A0 /* XCTest.framework */; };
		3F242D7B196D8CC600AFB6A0 /* Foundation.framework in Frameworks */ = {isa = PBXBuildFile; fileRef = 3F242D57196D8CC600AFB6A0 /* Foundation.framework */; };
		3F242D7C196D8CC600AFB6A0 /* UIKit.framework in Frameworks */ = {isa = PBXBuildFile; fileRef = 3F242D5B196D8CC600AFB6A0 /* UIKit.framework */; };
		3F242D84196D8CC600AFB6A0 /* InfoPlist.strings in Resources */ = {isa = PBXBuildFile; fileRef = 3F242D82196D8CC600AFB6A0 /* InfoPlist.strings */; };
		3F242D86196D8CC600AFB6A0 /* webviewTests.m in Sources */ = {isa = PBXBuildFile; fileRef = 3F242D85196D8CC600AFB6A0 /* webviewTests.m */; };
/* End PBXBuildFile section */

/* Begin PBXContainerItemProxy section */
		3F242D7D196D8CC600AFB6A0 /* PBXContainerItemProxy */ = {
			isa = PBXContainerItemProxy;
			containerPortal = 3F242D4C196D8CC600AFB6A0 /* Project object */;
			proxyType = 1;
			remoteGlobalIDString = 3F242D53196D8CC600AFB6A0;
			remoteInfo = webview;
		};
/* End PBXContainerItemProxy section */

/* Begin PBXFileReference section */
		3F242D54196D8CC600AFB6A0 /* webview.app */ = {isa = PBXFileReference; explicitFileType = wrapper.application; includeInIndex = 0; path = webview.app; sourceTree = BUILT_PRODUCTS_DIR; };
		3F242D57196D8CC600AFB6A0 /* Foundation.framework */ = {isa = PBXFileReference; lastKnownFileType = wrapper.framework; name = Foundation.framework; path = System/Library/Frameworks/Foundation.framework; sourceTree = SDKROOT; };
		3F242D59196D8CC600AFB6A0 /* CoreGraphics.framework */ = {isa = PBXFileReference; lastKnownFileType = wrapper.framework; name = CoreGraphics.framework; path = System/Library/Frameworks/CoreGraphics.framework; sourceTree = SDKROOT; };
		3F242D5B196D8CC600AFB6A0 /* UIKit.framework */ = {isa = PBXFileReference; lastKnownFileType = wrapper.framework; name = UIKit.framework; path = System/Library/Frameworks/UIKit.framework; sourceTree = SDKROOT; };
		3F242D5F196D8CC600AFB6A0 /* webview-Info.plist */ = {isa = PBXFileReference; lastKnownFileType = text.plist.xml; path = "webview-Info.plist"; sourceTree = "<group>"; };
		3F242D61196D8CC600AFB6A0 /* en */ = {isa = PBXFileReference; lastKnownFileType = text.plist.strings; name = en; path = en.lproj/InfoPlist.strings; sourceTree = "<group>"; };
		3F242D63196D8CC600AFB6A0 /* main.m */ = {isa = PBXFileReference; lastKnownFileType = sourcecode.c.objc; path = main.m; sourceTree = "<group>"; };
		3F242D65196D8CC600AFB6A0 /* webview-Prefix.pch */ = {isa = PBXFileReference; lastKnownFileType = sourcecode.c.h; path = "webview-Prefix.pch"; sourceTree = "<group>"; };
		3F242D66196D8CC600AFB6A0 /* AppDelegate.h */ = {isa = PBXFileReference; lastKnownFileType = sourcecode.c.h; path = AppDelegate.h; sourceTree = "<group>"; };
		3F242D67196D8CC600AFB6A0 /* AppDelegate.m */ = {isa = PBXFileReference; lastKnownFileType = sourcecode.c.objc; path = AppDelegate.m; sourceTree = "<group>"; };
		3F242D6A196D8CC600AFB6A0 /* Base */ = {isa = PBXFileReference; lastKnownFileType = file.storyboard; name = Base; path = Base.lproj/Main_iPhone.storyboard; sourceTree = "<group>"; };
		3F242D6D196D8CC600AFB6A0 /* Base */ = {isa = PBXFileReference; lastKnownFileType = file.storyboard; name = Base; path = Base.lproj/Main_iPad.storyboard; sourceTree = "<group>"; };
		3F242D6F196D8CC600AFB6A0 /* ViewController.h */ = {isa = PBXFileReference; lastKnownFileType = sourcecode.c.h; path = ViewController.h; sourceTree = "<group>"; };
		3F242D70196D8CC600AFB6A0 /* ViewController.m */ = {isa = PBXFileReference; lastKnownFileType = sourcecode.c.objc; path = ViewController.m; sourceTree = "<group>"; };
		3F242D72196D8CC600AFB6A0 /* Images.xcassets */ = {isa = PBXFileReference; lastKnownFileType = folder.assetcatalog; path = Images.xcassets; sourceTree = "<group>"; };
		3F242D78196D8CC600AFB6A0 /* webviewTests.xctest */ = {isa = PBXFileReference; explicitFileType = wrapper.cfbundle; includeInIndex = 0; path = webviewTests.xctest; sourceTree = BUILT_PRODUCTS_DIR; };
		3F242D79196D8CC600AFB6A0 /* XCTest.framework */ = {isa = PBXFileReference; lastKnownFileType = wrapper.framework; name = XCTest.framework; path = Library/Frameworks/XCTest.framework; sourceTree = DEVELOPER_DIR; };
		3F242D81196D8CC600AFB6A0 /* webviewTests-Info.plist */ = {isa = PBXFileReference; lastKnownFileType = text.plist.xml; path = "webviewTests-Info.plist"; sourceTree = "<group>"; };
		3F242D83196D8CC600AFB6A0 /* en */ = {isa = PBXFileReference; lastKnownFileType = text.plist.strings; name = en; path = en.lproj/InfoPlist.strings; sourceTree = "<group>"; };
		3F242D85196D8CC600AFB6A0 /* webviewTests.m */ = {isa = PBXFileReference; lastKnownFileType = sourcecode.c.objc; path = webviewTests.m; sourceTree = "<group>"; };
/* End PBXFileReference section */

/* Begin PBXFrameworksBuildPhase section */
		3F242D51196D8CC600AFB6A0 /* Frameworks */ = {
			isa = PBXFrameworksBuildPhase;
			buildActionMask = 2147483647;
			files = (
				3F242D5A196D8CC600AFB6A0 /* CoreGraphics.framework in Frameworks */,
				3F242D5C196D8CC600AFB6A0 /* UIKit.framework in Frameworks */,
				3F242D58196D8CC600AFB6A0 /* Foundation.framework in Frameworks */,
			);
			runOnlyForDeploymentPostprocessing = 0;
		};
		3F242D75196D8CC600AFB6A0 /* Frameworks */ = {
			isa = PBXFrameworksBuildPhase;
			buildActionMask = 2147483647;
			files = (
				3F242D7A196D8CC600AFB6A0 /* XCTest.framework in Frameworks */,
				3F242D7C196D8CC600AFB6A0 /* UIKit.framework in Frameworks */,
				3F242D7B196D8CC600AFB6A0 /* Foundation.framework in Frameworks */,
			);
			runOnlyForDeploymentPostprocessing = 0;
		};
/* End PBXFrameworksBuildPhase section */

/* Begin PBXGroup section */
		3F242D4B196D8CC600AFB6A0 = {
			isa = PBXGroup;
			children = (
				3F242D5D196D8CC600AFB6A0 /* webview */,
				3F242D7F196D8CC600AFB6A0 /* webviewTests */,
				3F242D56196D8CC600AFB6A0 /* Frameworks */,
				3F242D55196D8CC600AFB6A0 /* Products */,
			);
			sourceTree = "<group>";
		};
		3F242D55196D8CC600AFB6A0 /* Products */ = {
			isa = PBXGroup;
			children = (
				3F242D54196D8CC600AFB6A0 /* webview.app */,
				3F242D78196D8CC600AFB6A0 /* webviewTests.xctest */,
			);
			name = Products;
			sourceTree = "<group>";
		};
		3F242D56196D8CC600AFB6A0 /* Frameworks */ = {
			isa = PBXGroup;
			children = (
				3F242D57196D8CC600AFB6A0 /* Foundation.framework */,
				3F242D59196D8CC600AFB6A0 /* CoreGraphics.framework */,
				3F242D5B196D8CC600AFB6A0 /* UIKit.framework */,
				3F242D79196D8CC600AFB6A0 /* XCTest.framework */,
			);
			name = Frameworks;
			sourceTree = "<group>";
		};
		3F242D5D196D8CC600AFB6A0 /* webview */ = {
			isa = PBXGroup;
			children = (
				3F242D66196D8CC600AFB6A0 /* AppDelegate.h */,
				3F242D67196D8CC600AFB6A0 /* AppDelegate.m */,
				3F242D69196D8CC600AFB6A0 /* Main_iPhone.storyboard */,
				3F242D6C196D8CC600AFB6A0 /* Main_iPad.storyboard */,
				3F242D6F196D8CC600AFB6A0 /* ViewController.h */,
				3F242D70196D8CC600AFB6A0 /* ViewController.m */,
				3F242D72196D8CC600AFB6A0 /* Images.xcassets */,
				3F242D5E196D8CC600AFB6A0 /* Supporting Files */,
			);
			path = webview;
			sourceTree = "<group>";
		};
		3F242D5E196D8CC600AFB6A0 /* Supporting Files */ = {
			isa = PBXGroup;
			children = (
				3F242D5F196D8CC600AFB6A0 /* webview-Info.plist */,
				3F242D60196D8CC600AFB6A0 /* InfoPlist.strings */,
				3F242D63196D8CC600AFB6A0 /* main.m */,
				3F242D65196D8CC600AFB6A0 /* webview-Prefix.pch */,
			);
			name = "Supporting Files";
			sourceTree = "<group>";
		};
		3F242D7F196D8CC600AFB6A0 /* webviewTests */ = {
			isa = PBXGroup;
			children = (
				3F242D85196D8CC600AFB6A0 /* webviewTests.m */,
				3F242D80196D8CC600AFB6A0 /* Supporting Files */,
			);
			path = webviewTests;
			sourceTree = "<group>";
		};
		3F242D80196D8CC600AFB6A0 /* Supporting Files */ = {
			isa = PBXGroup;
			children = (
				3F242D81196D8CC600AFB6A0 /* webviewTests-Info.plist */,
				3F242D82196D8CC600AFB6A0 /* InfoPlist.strings */,
			);
			name = "Supporting Files";
			sourceTree = "<group>";
		};
/* End PBXGroup section */

/* Begin PBXNativeTarget section */
		3F242D53196D8CC600AFB6A0 /* webview */ = {
			isa = PBXNativeTarget;
			buildConfigurationList = 3F242D89196D8CC600AFB6A0 /* Build configuration list for PBXNativeTarget "webview" */;
			buildPhases = (
				3F242D50196D8CC600AFB6A0 /* Sources */,
				3F242D51196D8CC600AFB6A0 /* Frameworks */,
				3F242D52196D8CC600AFB6A0 /* Resources */,
			);
			buildRules = (
			);
			dependencies = (
			);
			name = webview;
			productName = webview;
			productReference = 3F242D54196D8CC600AFB6A0 /* webview.app */;
			productType = "com.apple.product-type.application";
		};
		3F242D77196D8CC600AFB6A0 /* webviewTests */ = {
			isa = PBXNativeTarget;
			buildConfigurationList = 3F242D8C196D8CC600AFB6A0 /* Build configuration list for PBXNativeTarget "webviewTests" */;
			buildPhases = (
				3F242D74196D8CC600AFB6A0 /* Sources */,
				3F242D75196D8CC600AFB6A0 /* Frameworks */,
				3F242D76196D8CC600AFB6A0 /* Resources */,
			);
			buildRules = (
			);
			dependencies = (
				3F242D7E196D8CC600AFB6A0 /* PBXTargetDependency */,
			);
			name = webviewTests;
			productName = webviewTests;
			productReference = 3F242D78196D8CC600AFB6A0 /* webviewTests.xctest */;
			productType = "com.apple.product-type.bundle.unit-test";
		};
/* End PBXNativeTarget section */

/* Begin PBXProject section */
		3F242D4C196D8CC600AFB6A0 /* Project object */ = {
			isa = PBXProject;
			attributes = {
				LastUpgradeCheck = 0510;
				ORGANIZATIONNAME = "___FULLUSERNAME___";
				TargetAttributes = {
					3F242D77196D8CC600AFB6A0 = {
						TestTargetID = 3F242D53196D8CC600AFB6A0;
					};
				};
			};
			buildConfigurationList = 3F242D4F196D8CC600AFB6A0 /* Build configuration list for PBXProject "webview" */;
			compatibilityVersion = "Xcode 3.2";
			developmentRegion = English;
			hasScannedForEncodings = 0;
			knownRegions = (
				en,
				Base,
			);
			mainGroup = 3F242D4B196D8CC600AFB6A0;
			productRefGroup = 3F242D55196D8CC600AFB6A0 /* Products */;
			projectDirPath = "";
			projectRoot = "";
			targets = (
				3F242D53196D8CC600AFB6A0 /* webview */,
				3F242D77196D8CC600AFB6A0 /* webviewTests */,
			);
		};
/* End PBXProject section */

/* Begin PBXResourcesBuildPhase section */
		3F242D52196D8CC600AFB6A0 /* Resources */ = {
			isa = PBXResourcesBuildPhase;
			buildActionMask = 2147483647;
			files = (
				3F242D6E196D8CC600AFB6A0 /* Main_iPad.storyboard in Resources */,
				3F242D73196D8CC600AFB6A0 /* Images.xcassets in Resources */,
				3F242D6B196D8CC600AFB6A0 /* Main_iPhone.storyboard in Resources */,
				3F242D62196D8CC600AFB6A0 /* InfoPlist.strings in Resources */,
			);
			runOnlyForDeploymentPostprocessing = 0;
		};
		3F242D76196D8CC600AFB6A0 /* Resources */ = {
			isa = PBXResourcesBuildPhase;
			buildActionMask = 2147483647;
			files = (
				3F242D84196D8CC600AFB6A0 /* InfoPlist.strings in Resources */,
			);
			runOnlyForDeploymentPostprocessing = 0;
		};
/* End PBXResourcesBuildPhase section */

/* Begin PBXSourcesBuildPhase section */
		3F242D50196D8CC600AFB6A0 /* Sources */ = {
			isa = PBXSourcesBuildPhase;
			buildActionMask = 2147483647;
			files = (
				3F242D71196D8CC600AFB6A0 /* ViewController.m in Sources */,
				3F242D68196D8CC600AFB6A0 /* AppDelegate.m in Sources */,
				3F242D64196D8CC600AFB6A0 /* main.m in Sources */,
			);
			runOnlyForDeploymentPostprocessing = 0;
		};
		3F242D74196D8CC600AFB6A0 /* Sources */ = {
			isa = PBXSourcesBuildPhase;
			buildActionMask = 2147483647;
			files = (
				3F242D86196D8CC600AFB6A0 /* webviewTests.m in Sources */,
			);
			runOnlyForDeploymentPostprocessing = 0;
		};
/* End PBXSourcesBuildPhase section */

/* Begin PBXTargetDependency section */
		3F242D7E196D8CC600AFB6A0 /* PBXTargetDependency */ = {
			isa = PBXTargetDependency;
			target = 3F242D53196D8CC600AFB6A0 /* webview */;
			targetProxy = 3F242D7D196D8CC600AFB6A0 /* PBXContainerItemProxy */;
		};
/* End PBXTargetDependency section */

/* Begin PBXVariantGroup section */
		3F242D60196D8CC600AFB6A0 /* InfoPlist.strings */ = {
			isa = PBXVariantGroup;
			children = (
				3F242D61196D8CC600AFB6A0 /* en */,
			);
			name = InfoPlist.strings;
			sourceTree = "<group>";
		};
		3F242D69196D8CC600AFB6A0 /* Main_iPhone.storyboard */ = {
			isa = PBXVariantGroup;
			children = (
				3F242D6A196D8CC600AFB6A0 /* Base */,
			);
			name = Main_iPhone.storyboard;
			sourceTree = "<group>";
		};
		3F242D6C196D8CC600AFB6A0 /* Main_iPad.storyboard */ = {
			isa = PBXVariantGroup;
			children = (
				3F242D6D196D8CC600AFB6A0 /* Base */,
			);
			name = Main_iPad.storyboard;
			sourceTree = "<group>";
		};
		3F242D82196D8CC600AFB6A0 /* InfoPlist.strings */ = {
			isa = PBXVariantGroup;
			children = (
				3F242D83196D8CC600AFB6A0 /* en */,
			);
			name = InfoPlist.strings;
			sourceTree = "<group>";
		};
/* End PBXVariantGroup section */

/* Begin XCBuildConfiguration section */
		3F242D87196D8CC600AFB6A0 /* Debug */ = {
			isa = XCBuildConfiguration;
			buildSettings = {
				ALWAYS_SEARCH_USER_PATHS = NO;
				CLANG_CXX_LANGUAGE_STANDARD = "gnu++0x";
				CLANG_CXX_LIBRARY = "libc++";
				CLANG_ENABLE_MODULES = YES;
				CLANG_ENABLE_OBJC_ARC = YES;
				CLANG_WARN_BOOL_CONVERSION = YES;
				CLANG_WARN_CONSTANT_CONVERSION = YES;
				CLANG_WARN_DIRECT_OBJC_ISA_USAGE = YES_ERROR;
				CLANG_WARN_EMPTY_BODY = YES;
				CLANG_WARN_ENUM_CONVERSION = YES;
				CLANG_WARN_INT_CONVERSION = YES;
				CLANG_WARN_OBJC_ROOT_CLASS = YES_ERROR;
				CLANG_WARN__DUPLICATE_METHOD_MATCH = YES;
				"CODE_SIGN_IDENTITY[sdk=iphoneos*]" = "iPhone Developer";
				COPY_PHASE_STRIP = NO;
				GCC_C_LANGUAGE_STANDARD = gnu99;
				GCC_DYNAMIC_NO_PIC = NO;
				GCC_OPTIMIZATION_LEVEL = 0;
				GCC_PREPROCESSOR_DEFINITIONS = (
					"DEBUG=1",
					"$(inherited)",
				);
				GCC_SYMBOLS_PRIVATE_EXTERN = NO;
				GCC_WARN_64_TO_32_BIT_CONVERSION = YES;
				GCC_WARN_ABOUT_RETURN_TYPE = YES_ERROR;
				GCC_WARN_UNDECLARED_SELECTOR = YES;
				GCC_WARN_UNINITIALIZED_AUTOS = YES_AGGRESSIVE;
				GCC_WARN_UNUSED_FUNCTION = YES;
				GCC_WARN_UNUSED_VARIABLE = YES;
				IPHONEOS_DEPLOYMENT_TARGET = 7.1;
				ONLY_ACTIVE_ARCH = YES;
				SDKROOT = iphoneos;
				TARGETED_DEVICE_FAMILY = "1,2";
			};
			name = Debug;
		};
		3F242D88196D8CC600AFB6A0 /* Release */ = {
			isa = XCBuildConfiguration;
			buildSettings = {
				ALWAYS_SEARCH_USER_PATHS = NO;
				CLANG_CXX_LANGUAGE_STANDARD = "gnu++0x";
				CLANG_CXX_LIBRARY = "libc++";
				CLANG_ENABLE_MODULES = YES;
				CLANG_ENABLE_OBJC_ARC = YES;
				CLANG_WARN_BOOL_CONVERSION = YES;
				CLANG_WARN_CONSTANT_CONVERSION = YES;
				CLANG_WARN_DIRECT_OBJC_ISA_USAGE = YES_ERROR;
				CLANG_WARN_EMPTY_BODY = YES;
				CLANG_WARN_ENUM_CONVERSION = YES;
				CLANG_WARN_INT_CONVERSION = YES;
				CLANG_WARN_OBJC_ROOT_CLASS = YES_ERROR;
				CLANG_WARN__DUPLICATE_METHOD_MATCH = YES;
				"CODE_SIGN_IDENTITY[sdk=iphoneos*]" = "iPhone Developer";
				COPY_PHASE_STRIP = YES;
				ENABLE_NS_ASSERTIONS = NO;
				GCC_C_LANGUAGE_STANDARD = gnu99;
				GCC_WARN_64_TO_32_BIT_CONVERSION = YES;
				GCC_WARN_ABOUT_RETURN_TYPE = YES_ERROR;
				GCC_WARN_UNDECLARED_SELECTOR = YES;
				GCC_WARN_UNINITIALIZED_AUTOS = YES_AGGRESSIVE;
				GCC_WARN_UNUSED_FUNCTION = YES;
				GCC_WARN_UNUSED_VARIABLE = YES;
				IPHONEOS_DEPLOYMENT_TARGET = 7.1;
				SDKROOT = iphoneos;
				TARGETED_DEVICE_FAMILY = "1,2";
				VALIDATE_PRODUCT = YES;
			};
			name = Release;
		};
		3F242D8A196D8CC600AFB6A0 /* Debug */ = {
			isa = XCBuildConfiguration;
			buildSettings = {
				ASSETCATALOG_COMPILER_APPICON_NAME = AppIcon;
				ASSETCATALOG_COMPILER_LAUNCHIMAGE_NAME = LaunchImage;
				GCC_PRECOMPILE_PREFIX_HEADER = YES;
				GCC_PREFIX_HEADER = "webview/webview-Prefix.pch";
				INFOPLIST_FILE = "webview/webview-Info.plist";
				PRODUCT_NAME = "$(TARGET_NAME)";
				WRAPPER_EXTENSION = app;
			};
			name = Debug;
		};
		3F242D8B196D8CC600AFB6A0 /* Release */ = {
			isa = XCBuildConfiguration;
			buildSettings = {
				ASSETCATALOG_COMPILER_APPICON_NAME = AppIcon;
				ASSETCATALOG_COMPILER_LAUNCHIMAGE_NAME = LaunchImage;
				GCC_PRECOMPILE_PREFIX_HEADER = YES;
				GCC_PREFIX_HEADER = "webview/webview-Prefix.pch";
				INFOPLIST_FILE = "webview/webview-Info.plist";
				PRODUCT_NAME = "$(TARGET_NAME)";
				WRAPPER_EXTENSION = app;
			};
			name = Release;
		};
		3F242D8D196D8CC600AFB6A0 /* Debug */ = {
			isa = XCBuildConfiguration;
			buildSettings = {
				BUNDLE_LOADER = "$(BUILT_PRODUCTS_DIR)/webview.app/webview";
				FRAMEWORK_SEARCH_PATHS = (
					"$(SDKROOT)/Developer/Library/Frameworks",
					"$(inherited)",
					"$(DEVELOPER_FRAMEWORKS_DIR)",
				);
				GCC_PRECOMPILE_PREFIX_HEADER = YES;
				GCC_PREFIX_HEADER = "webview/webview-Prefix.pch";
				GCC_PREPROCESSOR_DEFINITIONS = (
					"DEBUG=1",
					"$(inherited)",
				);
				INFOPLIST_FILE = "webviewTests/webviewTests-Info.plist";
				PRODUCT_NAME = "$(TARGET_NAME)";
				TEST_HOST = "$(BUNDLE_LOADER)";
				WRAPPER_EXTENSION = xctest;
			};
			name = Debug;
		};
		3F242D8E196D8CC600AFB6A0 /* Release */ = {
			isa = XCBuildConfiguration;
			buildSettings = {
				BUNDLE_LOADER = "$(BUILT_PRODUCTS_DIR)/webview.app/webview";
				FRAMEWORK_SEARCH_PATHS = (
					"$(SDKROOT)/Developer/Library/Frameworks",
					"$(inherited)",
					"$(DEVELOPER_FRAMEWORKS_DIR)",
				);
				GCC_PRECOMPILE_PREFIX_HEADER = YES;
				GCC_PREFIX_HEADER = "webview/webview-Prefix.pch";
				INFOPLIST_FILE = "webviewTests/webviewTests-Info.plist";
				PRODUCT_NAME = "$(TARGET_NAME)";
				TEST_HOST = "$(BUNDLE_LOADER)";
				WRAPPER_EXTENSION = xctest;
			};
			name = Release;
		};
/* End XCBuildConfiguration section */

/* Begin XCConfigurationList section */
		3F242D4F196D8CC600AFB6A0 /* Build configuration list for PBXProject "webview" */ = {
			isa = XCConfigurationList;
			buildConfigurations = (
				3F242D87196D8CC600AFB6A0 /* Debug */,
				3F242D88196D8CC600AFB6A0 /* Release */,
			);
			defaultConfigurationIsVisible = 0;
			defaultConfigurationName = Release;
		};
		3F242D89196D8CC600AFB6A0 /* Build configuration list for PBXNativeTarget "webview" */ = {
			isa = XCConfigurationList;
			buildConfigurations = (
				3F242D8A196D8CC600AFB6A0 /* Debug */,
				3F242D8B196D8CC600AFB6A0 /* Release */,
			);
			defaultConfigurationIsVisible = 0;
		};
		3F242D8C196D8CC600AFB6A0 /* Build configuration list for PBXNativeTarget "webviewTests" */ = {
			isa = XCConfigurationList;
			buildConfigurations = (
				3F242D8D196D8CC600AFB6A0 /* Debug */,
				3F242D8E196D8CC600AFB6A0 /* Release */,
			);
			defaultConfigurationIsVisible = 0;
		};
/* End XCConfigurationList section */
	};
	rootObject = 3F242D4C196D8CC600AFB6A0 /* Project object */;
}
