// !$*UTF8*$!
{
	archiveVersion = 1;
	classes = {
	};
	objectVersion = 46;
	objects = {

/* Begin PBXBuildFile section */
		3F242D4A196D8A2C00AFB6A0 /* Calc.m in Sources */ = {isa = PBXBuildFile; fileRef = 3F242D49196D8A2C00AFB6A0 /* Calc.m */; };
		3F97F234196D85A70048D1EF /* Foundation.framework in Frameworks */ = {isa = PBXBuildFile; fileRef = 3F97F233196D85A70048D1EF /* Foundation.framework */; };
		3F97F236196D85A70048D1EF /* CoreGraphics.framework in Frameworks */ = {isa = PBXBuildFile; fileRef = 3F97F235196D85A70048D1EF /* CoreGraphics.framework */; };
		3F97F238196D85A70048D1EF /* UIKit.framework in Frameworks */ = {isa = PBXBuildFile; fileRef = 3F97F237196D85A70048D1EF /* UIKit.framework */; };
		3F97F23E196D85A70048D1EF /* InfoPlist.strings in Resources */ = {isa = PBXBuildFile; fileRef = 3F97F23C196D85A70048D1EF /* InfoPlist.strings */; };
		3F97F240196D85A70048D1EF /* main.m in Sources */ = {isa = PBXBuildFile; fileRef = 3F97F23F196D85A70048D1EF /* main.m */; };
		3F97F244196D85A70048D1EF /* AppDelegate.m in Sources */ = {isa = PBXBuildFile; fileRef = 3F97F243196D85A70048D1EF /* AppDelegate.m */; };
		3F97F247196D85A70048D1EF /* Main_iPhone.storyboard in Resources */ = {isa = PBXBuildFile; fileRef = 3F97F245196D85A70048D1EF /* Main_iPhone.storyboard */; };
		3F97F24A196D85A70048D1EF /* Main_iPad.storyboard in Resources */ = {isa = PBXBuildFile; fileRef = 3F97F248196D85A70048D1EF /* Main_iPad.storyboard */; };
		3F97F24D196D85A70048D1EF /* ViewController.m in Sources */ = {isa = PBXBuildFile; fileRef = 3F97F24C196D85A70048D1EF /* ViewController.m */; };
		3F97F24F196D85A70048D1EF /* Images.xcassets in Resources */ = {isa = PBXBuildFile; fileRef = 3F97F24E196D85A70048D1EF /* Images.xcassets */; };
		3F97F256196D85A70048D1EF /* XCTest.framework in Frameworks */ = {isa = PBXBuildFile; fileRef = 3F97F255196D85A70048D1EF /* XCTest.framework */; };
		3F97F257196D85A70048D1EF /* Foundation.framework in Frameworks */ = {isa = PBXBuildFile; fileRef = 3F97F233196D85A70048D1EF /* Foundation.framework */; };
		3F97F258196D85A70048D1EF /* UIKit.framework in Frameworks */ = {isa = PBXBuildFile; fileRef = 3F97F237196D85A70048D1EF /* UIKit.framework */; };
		3F97F260196D85A70048D1EF /* InfoPlist.strings in Resources */ = {isa = PBXBuildFile; fileRef = 3F97F25E196D85A70048D1EF /* InfoPlist.strings */; };
		3F97F262196D85A70048D1EF /* ConglomerateTests.m in Sources */ = {isa = PBXBuildFile; fileRef = 3F97F261196D85A70048D1EF /* ConglomerateTests.m */; };
		3F97F26D196D86620048D1EF /* RPS.m in Sources */ = {isa = PBXBuildFile; fileRef = 3F97F26C196D86620048D1EF /* RPS.m */; };
/* End PBXBuildFile section */

/* Begin PBXContainerItemProxy section */
		3F97F259196D85A70048D1EF /* PBXContainerItemProxy */ = {
			isa = PBXContainerItemProxy;
			containerPortal = 3F97F228196D85A70048D1EF /* Project object */;
			proxyType = 1;
			remoteGlobalIDString = 3F97F22F196D85A70048D1EF;
			remoteInfo = Conglomerate;
		};
/* End PBXContainerItemProxy section */

/* Begin PBXFileReference section */
		3F242D48196D8A2C00AFB6A0 /* Calc.h */ = {isa = PBXFileReference; fileEncoding = 4; lastKnownFileType = sourcecode.c.h; path = Calc.h; sourceTree = "<group>"; };
		3F242D49196D8A2C00AFB6A0 /* Calc.m */ = {isa = PBXFileReference; fileEncoding = 4; lastKnownFileType = sourcecode.c.objc; path = Calc.m; sourceTree = "<group>"; };
		3F97F230196D85A70048D1EF /* Conglomerate.app */ = {isa = PBXFileReference; explicitFileType = wrapper.application; includeInIndex = 0; path = Conglomerate.app; sourceTree = BUILT_PRODUCTS_DIR; };
		3F97F233196D85A70048D1EF /* Foundation.framework */ = {isa = PBXFileReference; lastKnownFileType = wrapper.framework; name = Foundation.framework; path = System/Library/Frameworks/Foundation.framework; sourceTree = SDKROOT; };
		3F97F235196D85A70048D1EF /* CoreGraphics.framework */ = {isa = PBXFileReference; lastKnownFileType = wrapper.framework; name = CoreGraphics.framework; path = System/Library/Frameworks/CoreGraphics.framework; sourceTree = SDKROOT; };
		3F97F237196D85A70048D1EF /* UIKit.framework */ = {isa = PBXFileReference; lastKnownFileType = wrapper.framework; name = UIKit.framework; path = System/Library/Frameworks/UIKit.framework; sourceTree = SDKROOT; };
		3F97F23B196D85A70048D1EF /* Conglomerate-Info.plist */ = {isa = PBXFileReference; lastKnownFileType = text.plist.xml; path = "Conglomerate-Info.plist"; sourceTree = "<group>"; };
		3F97F23D196D85A70048D1EF /* en */ = {isa = PBXFileReference; lastKnownFileType = text.plist.strings; name = en; path = en.lproj/InfoPlist.strings; sourceTree = "<group>"; };
		3F97F23F196D85A70048D1EF /* main.m */ = {isa = PBXFileReference; lastKnownFileType = sourcecode.c.objc; path = main.m; sourceTree = "<group>"; };
		3F97F241196D85A70048D1EF /* Conglomerate-Prefix.pch */ = {isa = PBXFileReference; lastKnownFileType = sourcecode.c.h; path = "Conglomerate-Prefix.pch"; sourceTree = "<group>"; };
		3F97F242196D85A70048D1EF /* AppDelegate.h */ = {isa = PBXFileReference; lastKnownFileType = sourcecode.c.h; path = AppDelegate.h; sourceTree = "<group>"; };
		3F97F243196D85A70048D1EF /* AppDelegate.m */ = {isa = PBXFileReference; lastKnownFileType = sourcecode.c.objc; path = AppDelegate.m; sourceTree = "<group>"; };
		3F97F246196D85A70048D1EF /* Base */ = {isa = PBXFileReference; lastKnownFileType = file.storyboard; name = Base; path = Base.lproj/Main_iPhone.storyboard; sourceTree = "<group>"; };
		3F97F249196D85A70048D1EF /* Base */ = {isa = PBXFileReference; lastKnownFileType = file.storyboard; name = Base; path = Base.lproj/Main_iPad.storyboard; sourceTree = "<group>"; };
		3F97F24B196D85A70048D1EF /* ViewController.h */ = {isa = PBXFileReference; lastKnownFileType = sourcecode.c.h; path = ViewController.h; sourceTree = "<group>"; };
		3F97F24C196D85A70048D1EF /* ViewController.m */ = {isa = PBXFileReference; lastKnownFileType = sourcecode.c.objc; path = ViewController.m; sourceTree = "<group>"; };
		3F97F24E196D85A70048D1EF /* Images.xcassets */ = {isa = PBXFileReference; lastKnownFileType = folder.assetcatalog; path = Images.xcassets; sourceTree = "<group>"; };
		3F97F254196D85A70048D1EF /* ConglomerateTests.xctest */ = {isa = PBXFileReference; explicitFileType = wrapper.cfbundle; includeInIndex = 0; path = ConglomerateTests.xctest; sourceTree = BUILT_PRODUCTS_DIR; };
		3F97F255196D85A70048D1EF /* XCTest.framework */ = {isa = PBXFileReference; lastKnownFileType = wrapper.framework; name = XCTest.framework; path = Library/Frameworks/XCTest.framework; sourceTree = DEVELOPER_DIR; };
		3F97F25D196D85A70048D1EF /* ConglomerateTests-Info.plist */ = {isa = PBXFileReference; lastKnownFileType = text.plist.xml; path = "ConglomerateTests-Info.plist"; sourceTree = "<group>"; };
		3F97F25F196D85A70048D1EF /* en */ = {isa = PBXFileReference; lastKnownFileType = text.plist.strings; name = en; path = en.lproj/InfoPlist.strings; sourceTree = "<group>"; };
		3F97F261196D85A70048D1EF /* ConglomerateTests.m */ = {isa = PBXFileReference; lastKnownFileType = sourcecode.c.objc; path = ConglomerateTests.m; sourceTree = "<group>"; };
		3F97F26B196D86620048D1EF /* RPS.h */ = {isa = PBXFileReference; fileEncoding = 4; lastKnownFileType = sourcecode.c.h; path = RPS.h; sourceTree = "<group>"; };
		3F97F26C196D86620048D1EF /* RPS.m */ = {isa = PBXFileReference; fileEncoding = 4; lastKnownFileType = sourcecode.c.objc; path = RPS.m; sourceTree = "<group>"; };
/* End PBXFileReference section */

/* Begin PBXFrameworksBuildPhase section */
		3F97F22D196D85A70048D1EF /* Frameworks */ = {
			isa = PBXFrameworksBuildPhase;
			buildActionMask = 2147483647;
			files = (
				3F97F236196D85A70048D1EF /* CoreGraphics.framework in Frameworks */,
				3F97F238196D85A70048D1EF /* UIKit.framework in Frameworks */,
				3F97F234196D85A70048D1EF /* Foundation.framework in Frameworks */,
			);
			runOnlyForDeploymentPostprocessing = 0;
		};
		3F97F251196D85A70048D1EF /* Frameworks */ = {
			isa = PBXFrameworksBuildPhase;
			buildActionMask = 2147483647;
			files = (
				3F97F256196D85A70048D1EF /* XCTest.framework in Frameworks */,
				3F97F258196D85A70048D1EF /* UIKit.framework in Frameworks */,
				3F97F257196D85A70048D1EF /* Foundation.framework in Frameworks */,
			);
			runOnlyForDeploymentPostprocessing = 0;
		};
/* End PBXFrameworksBuildPhase section */

/* Begin PBXGroup section */
		3F97F227196D85A70048D1EF = {
			isa = PBXGroup;
			children = (
				3F97F239196D85A70048D1EF /* Conglomerate */,
				3F97F25B196D85A70048D1EF /* ConglomerateTests */,
				3F97F232196D85A70048D1EF /* Frameworks */,
				3F97F231196D85A70048D1EF /* Products */,
			);
			sourceTree = "<group>";
		};
		3F97F231196D85A70048D1EF /* Products */ = {
			isa = PBXGroup;
			children = (
				3F97F230196D85A70048D1EF /* Conglomerate.app */,
				3F97F254196D85A70048D1EF /* ConglomerateTests.xctest */,
			);
			name = Products;
			sourceTree = "<group>";
		};
		3F97F232196D85A70048D1EF /* Frameworks */ = {
			isa = PBXGroup;
			children = (
				3F97F233196D85A70048D1EF /* Foundation.framework */,
				3F97F235196D85A70048D1EF /* CoreGraphics.framework */,
				3F97F237196D85A70048D1EF /* UIKit.framework */,
				3F97F255196D85A70048D1EF /* XCTest.framework */,
			);
			name = Frameworks;
			sourceTree = "<group>";
		};
		3F97F239196D85A70048D1EF /* Conglomerate */ = {
			isa = PBXGroup;
			children = (
				3F97F242196D85A70048D1EF /* AppDelegate.h */,
				3F97F243196D85A70048D1EF /* AppDelegate.m */,
				3F97F245196D85A70048D1EF /* Main_iPhone.storyboard */,
				3F242D48196D8A2C00AFB6A0 /* Calc.h */,
				3F242D49196D8A2C00AFB6A0 /* Calc.m */,
				3F97F26B196D86620048D1EF /* RPS.h */,
				3F97F26C196D86620048D1EF /* RPS.m */,
				3F97F248196D85A70048D1EF /* Main_iPad.storyboard */,
				3F97F24B196D85A70048D1EF /* ViewController.h */,
				3F97F24C196D85A70048D1EF /* ViewController.m */,
				3F97F24E196D85A70048D1EF /* Images.xcassets */,
				3F97F23A196D85A70048D1EF /* Supporting Files */,
			);
			path = Conglomerate;
			sourceTree = "<group>";
		};
		3F97F23A196D85A70048D1EF /* Supporting Files */ = {
			isa = PBXGroup;
			children = (
				3F97F23B196D85A70048D1EF /* Conglomerate-Info.plist */,
				3F97F23C196D85A70048D1EF /* InfoPlist.strings */,
				3F97F23F196D85A70048D1EF /* main.m */,
				3F97F241196D85A70048D1EF /* Conglomerate-Prefix.pch */,
			);
			name = "Supporting Files";
			sourceTree = "<group>";
		};
		3F97F25B196D85A70048D1EF /* ConglomerateTests */ = {
			isa = PBXGroup;
			children = (
				3F97F261196D85A70048D1EF /* ConglomerateTests.m */,
				3F97F25C196D85A70048D1EF /* Supporting Files */,
			);
			path = ConglomerateTests;
			sourceTree = "<group>";
		};
		3F97F25C196D85A70048D1EF /* Supporting Files */ = {
			isa = PBXGroup;
			children = (
				3F97F25D196D85A70048D1EF /* ConglomerateTests-Info.plist */,
				3F97F25E196D85A70048D1EF /* InfoPlist.strings */,
			);
			name = "Supporting Files";
			sourceTree = "<group>";
		};
/* End PBXGroup section */

/* Begin PBXNativeTarget section */
		3F97F22F196D85A70048D1EF /* Conglomerate */ = {
			isa = PBXNativeTarget;
			buildConfigurationList = 3F97F265196D85A70048D1EF /* Build configuration list for PBXNativeTarget "Conglomerate" */;
			buildPhases = (
				3F97F22C196D85A70048D1EF /* Sources */,
				3F97F22D196D85A70048D1EF /* Frameworks */,
				3F97F22E196D85A70048D1EF /* Resources */,
			);
			buildRules = (
			);
			dependencies = (
			);
			name = Conglomerate;
			productName = Conglomerate;
			productReference = 3F97F230196D85A70048D1EF /* Conglomerate.app */;
			productType = "com.apple.product-type.application";
		};
		3F97F253196D85A70048D1EF /* ConglomerateTests */ = {
			isa = PBXNativeTarget;
			buildConfigurationList = 3F97F268196D85A70048D1EF /* Build configuration list for PBXNativeTarget "ConglomerateTests" */;
			buildPhases = (
				3F97F250196D85A70048D1EF /* Sources */,
				3F97F251196D85A70048D1EF /* Frameworks */,
				3F97F252196D85A70048D1EF /* Resources */,
			);
			buildRules = (
			);
			dependencies = (
				3F97F25A196D85A70048D1EF /* PBXTargetDependency */,
			);
			name = ConglomerateTests;
			productName = ConglomerateTests;
			productReference = 3F97F254196D85A70048D1EF /* ConglomerateTests.xctest */;
			productType = "com.apple.product-type.bundle.unit-test";
		};
/* End PBXNativeTarget section */

/* Begin PBXProject section */
		3F97F228196D85A70048D1EF /* Project object */ = {
			isa = PBXProject;
			attributes = {
				LastUpgradeCheck = 0510;
				ORGANIZATIONNAME = "___FULLUSERNAME___";
				TargetAttributes = {
					3F97F253196D85A70048D1EF = {
						TestTargetID = 3F97F22F196D85A70048D1EF;
					};
				};
			};
			buildConfigurationList = 3F97F22B196D85A70048D1EF /* Build configuration list for PBXProject "Conglomerate" */;
			compatibilityVersion = "Xcode 3.2";
			developmentRegion = English;
			hasScannedForEncodings = 0;
			knownRegions = (
				en,
				Base,
			);
			mainGroup = 3F97F227196D85A70048D1EF;
			productRefGroup = 3F97F231196D85A70048D1EF /* Products */;
			projectDirPath = "";
			projectRoot = "";
			targets = (
				3F97F22F196D85A70048D1EF /* Conglomerate */,
				3F97F253196D85A70048D1EF /* ConglomerateTests */,
			);
		};
/* End PBXProject section */

/* Begin PBXResourcesBuildPhase section */
		3F97F22E196D85A70048D1EF /* Resources */ = {
			isa = PBXResourcesBuildPhase;
			buildActionMask = 2147483647;
			files = (
				3F97F24A196D85A70048D1EF /* Main_iPad.storyboard in Resources */,
				3F97F24F196D85A70048D1EF /* Images.xcassets in Resources */,
				3F97F247196D85A70048D1EF /* Main_iPhone.storyboard in Resources */,
				3F97F23E196D85A70048D1EF /* InfoPlist.strings in Resources */,
			);
			runOnlyForDeploymentPostprocessing = 0;
		};
		3F97F252196D85A70048D1EF /* Resources */ = {
			isa = PBXResourcesBuildPhase;
			buildActionMask = 2147483647;
			files = (
				3F97F260196D85A70048D1EF /* InfoPlist.strings in Resources */,
			);
			runOnlyForDeploymentPostprocessing = 0;
		};
/* End PBXResourcesBuildPhase section */

/* Begin PBXSourcesBuildPhase section */
		3F97F22C196D85A70048D1EF /* Sources */ = {
			isa = PBXSourcesBuildPhase;
			buildActionMask = 2147483647;
			files = (
				3F242D4A196D8A2C00AFB6A0 /* Calc.m in Sources */,
				3F97F24D196D85A70048D1EF /* ViewController.m in Sources */,
				3F97F26D196D86620048D1EF /* RPS.m in Sources */,
				3F97F244196D85A70048D1EF /* AppDelegate.m in Sources */,
				3F97F240196D85A70048D1EF /* main.m in Sources */,
			);
			runOnlyForDeploymentPostprocessing = 0;
		};
		3F97F250196D85A70048D1EF /* Sources */ = {
			isa = PBXSourcesBuildPhase;
			buildActionMask = 2147483647;
			files = (
				3F97F262196D85A70048D1EF /* ConglomerateTests.m in Sources */,
			);
			runOnlyForDeploymentPostprocessing = 0;
		};
/* End PBXSourcesBuildPhase section */

/* Begin PBXTargetDependency section */
		3F97F25A196D85A70048D1EF /* PBXTargetDependency */ = {
			isa = PBXTargetDependency;
			target = 3F97F22F196D85A70048D1EF /* Conglomerate */;
			targetProxy = 3F97F259196D85A70048D1EF /* PBXContainerItemProxy */;
		};
/* End PBXTargetDependency section */

/* Begin PBXVariantGroup section */
		3F97F23C196D85A70048D1EF /* InfoPlist.strings */ = {
			isa = PBXVariantGroup;
			children = (
				3F97F23D196D85A70048D1EF /* en */,
			);
			name = InfoPlist.strings;
			sourceTree = "<group>";
		};
		3F97F245196D85A70048D1EF /* Main_iPhone.storyboard */ = {
			isa = PBXVariantGroup;
			children = (
				3F97F246196D85A70048D1EF /* Base */,
			);
			name = Main_iPhone.storyboard;
			sourceTree = "<group>";
		};
		3F97F248196D85A70048D1EF /* Main_iPad.storyboard */ = {
			isa = PBXVariantGroup;
			children = (
				3F97F249196D85A70048D1EF /* Base */,
			);
			name = Main_iPad.storyboard;
			sourceTree = "<group>";
		};
		3F97F25E196D85A70048D1EF /* InfoPlist.strings */ = {
			isa = PBXVariantGroup;
			children = (
				3F97F25F196D85A70048D1EF /* en */,
			);
			name = InfoPlist.strings;
			sourceTree = "<group>";
		};
/* End PBXVariantGroup section */

/* Begin XCBuildConfiguration section */
		3F97F263196D85A70048D1EF /* Debug */ = {
			isa = XCBuildConfiguration;
			buildSettings = {
				ALWAYS_SEARCH_USER_PATHS = NO;
				CLANG_CXX_LANGUAGE_STANDARD = "gnu++0x";
				CLANG_CXX_LIBRARY = "libc++";
				CLANG_ENABLE_MODULES = YES;
				CLANG_ENABLE_OBJC_ARC = YES;
				CLANG_WARN_BOOL_CONVERSION = YES;
				CLANG_WARN_CONSTANT_CONVERSION = YES;
				CLANG_WARN_DIRECT_OBJC_ISA_USAGE = YES_ERROR;
				CLANG_WARN_EMPTY_BODY = YES;
				CLANG_WARN_ENUM_CONVERSION = YES;
				CLANG_WARN_INT_CONVERSION = YES;
				CLANG_WARN_OBJC_ROOT_CLASS = YES_ERROR;
				CLANG_WARN__DUPLICATE_METHOD_MATCH = YES;
				"CODE_SIGN_IDENTITY[sdk=iphoneos*]" = "iPhone Developer";
				COPY_PHASE_STRIP = NO;
				GCC_C_LANGUAGE_STANDARD = gnu99;
				GCC_DYNAMIC_NO_PIC = NO;
				GCC_OPTIMIZATION_LEVEL = 0;
				GCC_PREPROCESSOR_DEFINITIONS = (
					"DEBUG=1",
					"$(inherited)",
				);
				GCC_SYMBOLS_PRIVATE_EXTERN = NO;
				GCC_WARN_64_TO_32_BIT_CONVERSION = YES;
				GCC_WARN_ABOUT_RETURN_TYPE = YES_ERROR;
				GCC_WARN_UNDECLARED_SELECTOR = YES;
				GCC_WARN_UNINITIALIZED_AUTOS = YES_AGGRESSIVE;
				GCC_WARN_UNUSED_FUNCTION = YES;
				GCC_WARN_UNUSED_VARIABLE = YES;
				IPHONEOS_DEPLOYMENT_TARGET = 7.1;
				ONLY_ACTIVE_ARCH = YES;
				SDKROOT = iphoneos;
				TARGETED_DEVICE_FAMILY = "1,2";
			};
			name = Debug;
		};
		3F97F264196D85A70048D1EF /* Release */ = {
			isa = XCBuildConfiguration;
			buildSettings = {
				ALWAYS_SEARCH_USER_PATHS = NO;
				CLANG_CXX_LANGUAGE_STANDARD = "gnu++0x";
				CLANG_CXX_LIBRARY = "libc++";
				CLANG_ENABLE_MODULES = YES;
				CLANG_ENABLE_OBJC_ARC = YES;
				CLANG_WARN_BOOL_CONVERSION = YES;
				CLANG_WARN_CONSTANT_CONVERSION = YES;
				CLANG_WARN_DIRECT_OBJC_ISA_USAGE = YES_ERROR;
				CLANG_WARN_EMPTY_BODY = YES;
				CLANG_WARN_ENUM_CONVERSION = YES;
				CLANG_WARN_INT_CONVERSION = YES;
				CLANG_WARN_OBJC_ROOT_CLASS = YES_ERROR;
				CLANG_WARN__DUPLICATE_METHOD_MATCH = YES;
				"CODE_SIGN_IDENTITY[sdk=iphoneos*]" = "iPhone Developer";
				COPY_PHASE_STRIP = YES;
				ENABLE_NS_ASSERTIONS = NO;
				GCC_C_LANGUAGE_STANDARD = gnu99;
				GCC_WARN_64_TO_32_BIT_CONVERSION = YES;
				GCC_WARN_ABOUT_RETURN_TYPE = YES_ERROR;
				GCC_WARN_UNDECLARED_SELECTOR = YES;
				GCC_WARN_UNINITIALIZED_AUTOS = YES_AGGRESSIVE;
				GCC_WARN_UNUSED_FUNCTION = YES;
				GCC_WARN_UNUSED_VARIABLE = YES;
				IPHONEOS_DEPLOYMENT_TARGET = 7.1;
				SDKROOT = iphoneos;
				TARGETED_DEVICE_FAMILY = "1,2";
				VALIDATE_PRODUCT = YES;
			};
			name = Release;
		};
		3F97F266196D85A70048D1EF /* Debug */ = {
			isa = XCBuildConfiguration;
			buildSettings = {
				ASSETCATALOG_COMPILER_APPICON_NAME = AppIcon;
				ASSETCATALOG_COMPILER_LAUNCHIMAGE_NAME = LaunchImage;
				GCC_PRECOMPILE_PREFIX_HEADER = YES;
				GCC_PREFIX_HEADER = "Conglomerate/Conglomerate-Prefix.pch";
				INFOPLIST_FILE = "Conglomerate/Conglomerate-Info.plist";
				PRODUCT_NAME = "$(TARGET_NAME)";
				WRAPPER_EXTENSION = app;
			};
			name = Debug;
		};
		3F97F267196D85A70048D1EF /* Release */ = {
			isa = XCBuildConfiguration;
			buildSettings = {
				ASSETCATALOG_COMPILER_APPICON_NAME = AppIcon;
				ASSETCATALOG_COMPILER_LAUNCHIMAGE_NAME = LaunchImage;
				GCC_PRECOMPILE_PREFIX_HEADER = YES;
				GCC_PREFIX_HEADER = "Conglomerate/Conglomerate-Prefix.pch";
				INFOPLIST_FILE = "Conglomerate/Conglomerate-Info.plist";
				PRODUCT_NAME = "$(TARGET_NAME)";
				WRAPPER_EXTENSION = app;
			};
			name = Release;
		};
		3F97F269196D85A70048D1EF /* Debug */ = {
			isa = XCBuildConfiguration;
			buildSettings = {
				BUNDLE_LOADER = "$(BUILT_PRODUCTS_DIR)/Conglomerate.app/Conglomerate";
				FRAMEWORK_SEARCH_PATHS = (
					"$(SDKROOT)/Developer/Library/Frameworks",
					"$(inherited)",
					"$(DEVELOPER_FRAMEWORKS_DIR)",
				);
				GCC_PRECOMPILE_PREFIX_HEADER = YES;
				GCC_PREFIX_HEADER = "Conglomerate/Conglomerate-Prefix.pch";
				GCC_PREPROCESSOR_DEFINITIONS = (
					"DEBUG=1",
					"$(inherited)",
				);
				INFOPLIST_FILE = "ConglomerateTests/ConglomerateTests-Info.plist";
				PRODUCT_NAME = "$(TARGET_NAME)";
				TEST_HOST = "$(BUNDLE_LOADER)";
				WRAPPER_EXTENSION = xctest;
			};
			name = Debug;
		};
		3F97F26A196D85A70048D1EF /* Release */ = {
			isa = XCBuildConfiguration;
			buildSettings = {
				BUNDLE_LOADER = "$(BUILT_PRODUCTS_DIR)/Conglomerate.app/Conglomerate";
				FRAMEWORK_SEARCH_PATHS = (
					"$(SDKROOT)/Developer/Library/Frameworks",
					"$(inherited)",
					"$(DEVELOPER_FRAMEWORKS_DIR)",
				);
				GCC_PRECOMPILE_PREFIX_HEADER = YES;
				GCC_PREFIX_HEADER = "Conglomerate/Conglomerate-Prefix.pch";
				INFOPLIST_FILE = "ConglomerateTests/ConglomerateTests-Info.plist";
				PRODUCT_NAME = "$(TARGET_NAME)";
				TEST_HOST = "$(BUNDLE_LOADER)";
				WRAPPER_EXTENSION = xctest;
			};
			name = Release;
		};
/* End XCBuildConfiguration section */

/* Begin XCConfigurationList section */
		3F97F22B196D85A70048D1EF /* Build configuration list for PBXProject "Conglomerate" */ = {
			isa = XCConfigurationList;
			buildConfigurations = (
				3F97F263196D85A70048D1EF /* Debug */,
				3F97F264196D85A70048D1EF /* Release */,
			);
			defaultConfigurationIsVisible = 0;
			defaultConfigurationName = Release;
		};
		3F97F265196D85A70048D1EF /* Build configuration list for PBXNativeTarget "Conglomerate" */ = {
			isa = XCConfigurationList;
			buildConfigurations = (
				3F97F266196D85A70048D1EF /* Debug */,
				3F97F267196D85A70048D1EF /* Release */,
			);
			defaultConfigurationIsVisible = 0;
			defaultConfigurationName = Release;
		};
		3F97F268196D85A70048D1EF /* Build configuration list for PBXNativeTarget "ConglomerateTests" */ = {
			isa = XCConfigurationList;
			buildConfigurations = (
				3F97F269196D85A70048D1EF /* Debug */,
				3F97F26A196D85A70048D1EF /* Release */,
			);
			defaultConfigurationIsVisible = 0;
			defaultConfigurationName = Release;
		};
/* End XCConfigurationList section */
	};
	rootObject = 3F97F228196D85A70048D1EF /* Project object */;
}
